// !$*UTF8*$!
{
	archiveVersion = 1;
	classes = {
	};
	objectVersion = 48;
	objects = {

/* Begin PBXBuildFile section */
		5CA3EC501FB2976E0093C38E /* AppDelegate.m in Sources */ = {isa = PBXBuildFile; fileRef = 5CA3EC4F1FB2976E0093C38E /* AppDelegate.m */; };
		5CA3EC581FB2976E0093C38E /* Assets.xcassets in Resources */ = {isa = PBXBuildFile; fileRef = 5CA3EC571FB2976E0093C38E /* Assets.xcassets */; };
		5CA3EC5B1FB2976E0093C38E /* LaunchScreen.storyboard in Resources */ = {isa = PBXBuildFile; fileRef = 5CA3EC591FB2976E0093C38E /* LaunchScreen.storyboard */; };
		5CA3EC5E1FB2976E0093C38E /* main.m in Sources */ = {isa = PBXBuildFile; fileRef = 5CA3EC5D1FB2976E0093C38E /* main.m */; };
		5CA3EC6A1FB29CC90093C38E /* TableViewController.m in Sources */ = {isa = PBXBuildFile; fileRef = 5CA3EC691FB29CC90093C38E /* TableViewController.m */; };
		5CA3EC6D1FB29D100093C38E /* TableViewCellModel.m in Sources */ = {isa = PBXBuildFile; fileRef = 5CA3EC6C1FB29D100093C38E /* TableViewCellModel.m */; };
		5CA3EC701FB2A0B60093C38E /* TableViewCell.m in Sources */ = {isa = PBXBuildFile; fileRef = 5CA3EC6F1FB2A0B60093C38E /* TableViewCell.m */; };
		5CA3EC751FB2A3320093C38E /* PasteViewController.m in Sources */ = {isa = PBXBuildFile; fileRef = 5CA3EC741FB2A3320093C38E /* PasteViewController.m */; };
/* End PBXBuildFile section */

/* Begin PBXFileReference section */
		5CA3EC4B1FB2976E0093C38E /* PasteConfigration.app */ = {isa = PBXFileReference; explicitFileType = wrapper.application; includeInIndex = 0; path = PasteConfigration.app; sourceTree = BUILT_PRODUCTS_DIR; };
		5CA3EC4E1FB2976E0093C38E /* AppDelegate.h */ = {isa = PBXFileReference; lastKnownFileType = sourcecode.c.h; path = AppDelegate.h; sourceTree = "<group>"; };
		5CA3EC4F1FB2976E0093C38E /* AppDelegate.m */ = {isa = PBXFileReference; lastKnownFileType = sourcecode.c.objc; path = AppDelegate.m; sourceTree = "<group>"; };
		5CA3EC571FB2976E0093C38E /* Assets.xcassets */ = {isa = PBXFileReference; lastKnownFileType = folder.assetcatalog; path = Assets.xcassets; sourceTree = "<group>"; };
		5CA3EC5A1FB2976E0093C38E /* Base */ = {isa = PBXFileReference; lastKnownFileType = file.storyboard; name = Base; path = Base.lproj/LaunchScreen.storyboard; sourceTree = "<group>"; };
		5CA3EC5C1FB2976E0093C38E /* Info.plist */ = {isa = PBXFileReference; lastKnownFileType = text.plist.xml; path = Info.plist; sourceTree = "<group>"; };
		5CA3EC5D1FB2976E0093C38E /* main.m */ = {isa = PBXFileReference; lastKnownFileType = sourcecode.c.objc; path = main.m; sourceTree = "<group>"; };
		5CA3EC681FB29CC90093C38E /* TableViewController.h */ = {isa = PBXFileReference; lastKnownFileType = sourcecode.c.h; path = TableViewController.h; sourceTree = "<group>"; };
		5CA3EC691FB29CC90093C38E /* TableViewController.m */ = {isa = PBXFileReference; lastKnownFileType = sourcecode.c.objc; path = TableViewController.m; sourceTree = "<group>"; };
		5CA3EC6B1FB29D100093C38E /* TableViewCellModel.h */ = {isa = PBXFileReference; lastKnownFileType = sourcecode.c.h; path = TableViewCellModel.h; sourceTree = "<group>"; };
		5CA3EC6C1FB29D100093C38E /* TableViewCellModel.m */ = {isa = PBXFileReference; lastKnownFileType = sourcecode.c.objc; path = TableViewCellModel.m; sourceTree = "<group>"; };
		5CA3EC6E1FB2A0B60093C38E /* TableViewCell.h */ = {isa = PBXFileReference; lastKnownFileType = sourcecode.c.h; path = TableViewCell.h; sourceTree = "<group>"; };
		5CA3EC6F1FB2A0B60093C38E /* TableViewCell.m */ = {isa = PBXFileReference; lastKnownFileType = sourcecode.c.objc; path = TableViewCell.m; sourceTree = "<group>"; };
		5CA3EC731FB2A3320093C38E /* PasteViewController.h */ = {isa = PBXFileReference; lastKnownFileType = sourcecode.c.h; path = PasteViewController.h; sourceTree = "<group>"; };
		5CA3EC741FB2A3320093C38E /* PasteViewController.m */ = {isa = PBXFileReference; lastKnownFileType = sourcecode.c.objc; path = PasteViewController.m; sourceTree = "<group>"; };
/* End PBXFileReference section */

/* Begin PBXFrameworksBuildPhase section */
		5CA3EC481FB2976E0093C38E /* Frameworks */ = {
			isa = PBXFrameworksBuildPhase;
			buildActionMask = 2147483647;
			files = (
			);
			runOnlyForDeploymentPostprocessing = 0;
		};
/* End PBXFrameworksBuildPhase section */

/* Begin PBXGroup section */
		5CA3EC421FB2976E0093C38E = {
			isa = PBXGroup;
			children = (
				5CA3EC4D1FB2976E0093C38E /* PasteConfigration */,
				5CA3EC4C1FB2976E0093C38E /* Products */,
			);
			sourceTree = "<group>";
		};
		5CA3EC4C1FB2976E0093C38E /* Products */ = {
			isa = PBXGroup;
			children = (
				5CA3EC4B1FB2976E0093C38E /* PasteConfigration.app */,
			);
			name = Products;
			sourceTree = "<group>";
		};
		5CA3EC4D1FB2976E0093C38E /* PasteConfigration */ = {
			isa = PBXGroup;
			children = (
				5CA3EC711FB2A3180093C38E /* PasteViewController */,
				5CA3EC641FB29C8B0093C38E /* tableController */,
				5CA3EC4E1FB2976E0093C38E /* AppDelegate.h */,
				5CA3EC4F1FB2976E0093C38E /* AppDelegate.m */,
				5CA3EC571FB2976E0093C38E /* Assets.xcassets */,
				5CA3EC591FB2976E0093C38E /* LaunchScreen.storyboard */,
				5CA3EC5C1FB2976E0093C38E /* Info.plist */,
				5CA3EC5D1FB2976E0093C38E /* main.m */,
			);
			path = PasteConfigration;
			sourceTree = "<group>";
		};
		5CA3EC641FB29C8B0093C38E /* tableController */ = {
			isa = PBXGroup;
			children = (
				5CA3EC671FB29C9F0093C38E /* Model */,
				5CA3EC661FB29C9A0093C38E /* View */,
				5CA3EC651FB29C930093C38E /* Controller */,
			);
			path = tableController;
			sourceTree = "<group>";
		};
		5CA3EC651FB29C930093C38E /* Controller */ = {
			isa = PBXGroup;
			children = (
				5CA3EC681FB29CC90093C38E /* TableViewController.h */,
				5CA3EC691FB29CC90093C38E /* TableViewController.m */,
			);
			path = Controller;
			sourceTree = "<group>";
		};
		5CA3EC661FB29C9A0093C38E /* View */ = {
			isa = PBXGroup;
			children = (
				5CA3EC6E1FB2A0B60093C38E /* TableViewCell.h */,
				5CA3EC6F1FB2A0B60093C38E /* TableViewCell.m */,
			);
			path = View;
			sourceTree = "<group>";
		};
		5CA3EC671FB29C9F0093C38E /* Model */ = {
			isa = PBXGroup;
			children = (
				5CA3EC6B1FB29D100093C38E /* TableViewCellModel.h */,
				5CA3EC6C1FB29D100093C38E /* TableViewCellModel.m */,
			);
			path = Model;
			sourceTree = "<group>";
		};
		5CA3EC711FB2A3180093C38E /* PasteViewController */ = {
			isa = PBXGroup;
			children = (
				5CA3EC721FB2A31E0093C38E /* Controller */,
			);
			path = PasteViewController;
			sourceTree = "<group>";
		};
		5CA3EC721FB2A31E0093C38E /* Controller */ = {
			isa = PBXGroup;
			children = (
				5CA3EC731FB2A3320093C38E /* PasteViewController.h */,
				5CA3EC741FB2A3320093C38E /* PasteViewController.m */,
			);
			path = Controller;
			sourceTree = "<group>";
		};
/* End PBXGroup section */

/* Begin PBXNativeTarget section */
		5CA3EC4A1FB2976E0093C38E /* PasteConfigration */ = {
			isa = PBXNativeTarget;
			buildConfigurationList = 5CA3EC611FB2976E0093C38E /* Build configuration list for PBXNativeTarget "PasteConfigration" */;
			buildPhases = (
				5CA3EC471FB2976E0093C38E /* Sources */,
				5CA3EC481FB2976E0093C38E /* Frameworks */,
				5CA3EC491FB2976E0093C38E /* Resources */,
			);
			buildRules = (
			);
			dependencies = (
			);
			name = PasteConfigration;
			productName = PasteConfigration;
			productReference = 5CA3EC4B1FB2976E0093C38E /* PasteConfigration.app */;
			productType = "com.apple.product-type.application";
		};
/* End PBXNativeTarget section */

/* Begin PBXProject section */
		5CA3EC431FB2976E0093C38E /* Project object */ = {
			isa = PBXProject;
			attributes = {
				LastUpgradeCheck = 0910;
				ORGANIZATIONNAME = "朱彬";
				TargetAttributes = {
					5CA3EC4A1FB2976E0093C38E = {
						CreatedOnToolsVersion = 9.1;
						ProvisioningStyle = Automatic;
					};
				};
			};
			buildConfigurationList = 5CA3EC461FB2976E0093C38E /* Build configuration list for PBXProject "PasteConfigration" */;
			compatibilityVersion = "Xcode 8.0";
			developmentRegion = en;
			hasScannedForEncodings = 0;
			knownRegions = (
				en,
				Base,
			);
			mainGroup = 5CA3EC421FB2976E0093C38E;
			productRefGroup = 5CA3EC4C1FB2976E0093C38E /* Products */;
			projectDirPath = "";
			projectRoot = "";
			targets = (
				5CA3EC4A1FB2976E0093C38E /* PasteConfigration */,
			);
		};
/* End PBXProject section */

/* Begin PBXResourcesBuildPhase section */
		5CA3EC491FB2976E0093C38E /* Resources */ = {
			isa = PBXResourcesBuildPhase;
			buildActionMask = 2147483647;
			files = (
				5CA3EC5B1FB2976E0093C38E /* LaunchScreen.storyboard in Resources */,
				5CA3EC581FB2976E0093C38E /* Assets.xcassets in Resources */,
			);
			runOnlyForDeploymentPostprocessing = 0;
		};
/* End PBXResourcesBuildPhase section */

/* Begin PBXSourcesBuildPhase section */
		5CA3EC471FB2976E0093C38E /* Sources */ = {
			isa = PBXSourcesBuildPhase;
			buildActionMask = 2147483647;
			files = (
				5CA3EC701FB2A0B60093C38E /* TableViewCell.m in Sources */,
				5CA3EC6D1FB29D100093C38E /* TableViewCellModel.m in Sources */,
				5CA3EC5E1FB2976E0093C38E /* main.m in Sources */,
				5CA3EC501FB2976E0093C38E /* AppDelegate.m in Sources */,
				5CA3EC751FB2A3320093C38E /* PasteViewController.m in Sources */,
				5CA3EC6A1FB29CC90093C38E /* TableViewController.m in Sources */,
			);
			runOnlyForDeploymentPostprocessing = 0;
		};
/* End PBXSourcesBuildPhase section */

/* Begin PBXVariantGroup section */
		5CA3EC591FB2976E0093C38E /* LaunchScreen.storyboard */ = {
			isa = PBXVariantGroup;
			children = (
				5CA3EC5A1FB2976E0093C38E /* Base */,
			);
			name = LaunchScreen.storyboard;
			sourceTree = "<group>";
		};
/* End PBXVariantGroup section */

/* Begin XCBuildConfiguration section */
		5CA3EC5F1FB2976E0093C38E /* Debug */ = {
			isa = XCBuildConfiguration;
			buildSettings = {
				ALWAYS_SEARCH_USER_PATHS = NO;
				CLANG_ANALYZER_NONNULL = YES;
				CLANG_ANALYZER_NUMBER_OBJECT_CONVERSION = YES_AGGRESSIVE;
				CLANG_CXX_LANGUAGE_STANDARD = "gnu++14";
				CLANG_CXX_LIBRARY = "libc++";
				CLANG_ENABLE_MODULES = YES;
				CLANG_ENABLE_OBJC_ARC = YES;
				CLANG_WARN_BLOCK_CAPTURE_AUTORELEASING = YES;
				CLANG_WARN_BOOL_CONVERSION = YES;
				CLANG_WARN_COMMA = YES;
				CLANG_WARN_CONSTANT_CONVERSION = YES;
				CLANG_WARN_DIRECT_OBJC_ISA_USAGE = YES_ERROR;
				CLANG_WARN_DOCUMENTATION_COMMENTS = YES;
				CLANG_WARN_EMPTY_BODY = YES;
				CLANG_WARN_ENUM_CONVERSION = YES;
				CLANG_WARN_INFINITE_RECURSION = YES;
				CLANG_WARN_INT_CONVERSION = YES;
				CLANG_WARN_NON_LITERAL_NULL_CONVERSION = YES;
				CLANG_WARN_OBJC_LITERAL_CONVERSION = YES;
				CLANG_WARN_OBJC_ROOT_CLASS = YES_ERROR;
				CLANG_WARN_RANGE_LOOP_ANALYSIS = YES;
				CLANG_WARN_STRICT_PROTOTYPES = YES;
				CLANG_WARN_SUSPICIOUS_MOVE = YES;
				CLANG_WARN_UNGUARDED_AVAILABILITY = YES_AGGRESSIVE;
				CLANG_WARN_UNREACHABLE_CODE = YES;
				CLANG_WARN__DUPLICATE_METHOD_MATCH = YES;
				CODE_SIGN_IDENTITY = "iPhone Developer";
				COPY_PHASE_STRIP = NO;
				DEBUG_INFORMATION_FORMAT = dwarf;
				ENABLE_STRICT_OBJC_MSGSEND = YES;
				ENABLE_TESTABILITY = YES;
				GCC_C_LANGUAGE_STANDARD = gnu11;
				GCC_DYNAMIC_NO_PIC = NO;
				GCC_NO_COMMON_BLOCKS = YES;
				GCC_OPTIMIZATION_LEVEL = 0;
				GCC_PREPROCESSOR_DEFINITIONS = (
					"DEBUG=1",
					"$(inherited)",
				);
				GCC_WARN_64_TO_32_BIT_CONVERSION = YES;
				GCC_WARN_ABOUT_RETURN_TYPE = YES_ERROR;
				GCC_WARN_UNDECLARED_SELECTOR = YES;
				GCC_WARN_UNINITIALIZED_AUTOS = YES_AGGRESSIVE;
				GCC_WARN_UNUSED_FUNCTION = YES;
				GCC_WARN_UNUSED_VARIABLE = YES;
				IPHONEOS_DEPLOYMENT_TARGET = 11.1;
				MTL_ENABLE_DEBUG_INFO = YES;
				ONLY_ACTIVE_ARCH = YES;
				SDKROOT = iphoneos;
			};
			name = Debug;
		};
		5CA3EC601FB2976E0093C38E /* Release */ = {
			isa = XCBuildConfiguration;
			buildSettings = {
				ALWAYS_SEARCH_USER_PATHS = NO;
				CLANG_ANALYZER_NONNULL = YES;
				CLANG_ANALYZER_NUMBER_OBJECT_CONVERSION = YES_AGGRESSIVE;
				CLANG_CXX_LANGUAGE_STANDARD = "gnu++14";
				CLANG_CXX_LIBRARY = "libc++";
				CLANG_ENABLE_MODULES = YES;
				CLANG_ENABLE_OBJC_ARC = YES;
				CLANG_WARN_BLOCK_CAPTURE_AUTORELEASING = YES;
				CLANG_WARN_BOOL_CONVERSION = YES;
				CLANG_WARN_COMMA = YES;
				CLANG_WARN_CONSTANT_CONVERSION = YES;
				CLANG_WARN_DIRECT_OBJC_ISA_USAGE = YES_ERROR;
				CLANG_WARN_DOCUMENTATION_COMMENTS = YES;
				CLANG_WARN_EMPTY_BODY = YES;
				CLANG_WARN_ENUM_CONVERSION = YES;
				CLANG_WARN_INFINITE_RECURSION = YES;
				CLANG_WARN_INT_CONVERSION = YES;
				CLANG_WARN_NON_LITERAL_NULL_CONVERSION = YES;
				CLANG_WARN_OBJC_LITERAL_CONVERSION = YES;
				CLANG_WARN_OBJC_ROOT_CLASS = YES_ERROR;
				CLANG_WARN_RANGE_LOOP_ANALYSIS = YES;
				CLANG_WARN_STRICT_PROTOTYPES = YES;
				CLANG_WARN_SUSPICIOUS_MOVE = YES;
				CLANG_WARN_UNGUARDED_AVAILABILITY = YES_AGGRESSIVE;
				CLANG_WARN_UNREACHABLE_CODE = YES;
				CLANG_WARN__DUPLICATE_METHOD_MATCH = YES;
				CODE_SIGN_IDENTITY = "iPhone Developer";
				COPY_PHASE_STRIP = NO;
				DEBUG_INFORMATION_FORMAT = "dwarf-with-dsym";
				ENABLE_NS_ASSERTIONS = NO;
				ENABLE_STRICT_OBJC_MSGSEND = YES;
				GCC_C_LANGUAGE_STANDARD = gnu11;
				GCC_NO_COMMON_BLOCKS = YES;
				GCC_WARN_64_TO_32_BIT_CONVERSION = YES;
				GCC_WARN_ABOUT_RETURN_TYPE = YES_ERROR;
				GCC_WARN_UNDECLARED_SELECTOR = YES;
				GCC_WARN_UNINITIALIZED_AUTOS = YES_AGGRESSIVE;
				GCC_WARN_UNUSED_FUNCTION = YES;
				GCC_WARN_UNUSED_VARIABLE = YES;
				IPHONEOS_DEPLOYMENT_TARGET = 11.1;
				MTL_ENABLE_DEBUG_INFO = NO;
				SDKROOT = iphoneos;
				VALIDATE_PRODUCT = YES;
			};
			name = Release;
		};
		5CA3EC621FB2976E0093C38E /* Debug */ = {
			isa = XCBuildConfiguration;
			buildSettings = {
				ASSETCATALOG_COMPILER_APPICON_NAME = AppIcon;
				CODE_SIGN_STYLE = Automatic;
				DEVELOPMENT_TEAM = KHDAT76EXR;
				INFOPLIST_FILE = PasteConfigration/Info.plist;
				LD_RUNPATH_SEARCH_PATHS = "$(inherited) @executable_path/Frameworks";
				PRODUCT_BUNDLE_IDENTIFIER = zhubin.PasteConfigration;
				PRODUCT_NAME = "$(TARGET_NAME)";
				TARGETED_DEVICE_FAMILY = "1,2";
			};
			name = Debug;
		};
		5CA3EC631FB2976E0093C38E /* Release */ = {
			isa = XCBuildConfiguration;
			buildSettings = {
				ASSETCATALOG_COMPILER_APPICON_NAME = AppIcon;
				CODE_SIGN_STYLE = Automatic;
				DEVELOPMENT_TEAM = KHDAT76EXR;
				INFOPLIST_FILE = PasteConfigration/Info.plist;
				LD_RUNPATH_SEARCH_PATHS = "$(inherited) @executable_path/Frameworks";
				PRODUCT_BUNDLE_IDENTIFIER = zhubin.PasteConfigration;
				PRODUCT_NAME = "$(TARGET_NAME)";
				TARGETED_DEVICE_FAMILY = "1,2";
			};
			name = Release;
		};
/* End XCBuildConfiguration section */

/* Begin XCConfigurationList section */
		5CA3EC461FB2976E0093C38E /* Build configuration list for PBXProject "PasteConfigration" */ = {
			isa = XCConfigurationList;
			buildConfigurations = (
				5CA3EC5F1FB2976E0093C38E /* Debug */,
				5CA3EC601FB2976E0093C38E /* Release */,
			);
			defaultConfigurationIsVisible = 0;
			defaultConfigurationName = Release;
		};
		5CA3EC611FB2976E0093C38E /* Build configuration list for PBXNativeTarget "PasteConfigration" */ = {
			isa = XCConfigurationList;
			buildConfigurations = (
				5CA3EC621FB2976E0093C38E /* Debug */,
				5CA3EC631FB2976E0093C38E /* Release */,
			);
			defaultConfigurationIsVisible = 0;
			defaultConfigurationName = Release;
		};
/* End XCConfigurationList section */
	};
	rootObject = 5CA3EC431FB2976E0093C38E /* Project object */;
}
